
Microsoft Visual Studio Solution File, Format Version 12.00
# Visual Studio Version 16
VisualStudioVersion = 16.0.32901.82
MinimumVisualStudioVersion = 10.0.40219.1
Project("{FAE04EC0-301F-11D3-BF4B-00C04F79EFBC}") = "myAPIProject", "myAPIProject.csproj", "{37B52E09-410D-4B67-B034-7F9A11A7D91F}"
EndProject
Global
	GlobalSection(SolutionConfigurationPlatforms) = preSolution
		Debug|Any CPU = Debug|Any CPU
		Release|Any CPU = Release|Any CPU
	EndGlobalSection
	GlobalSection(ProjectConfigurationPlatforms) = postSolution
		{37B52E09-410D-4B67-B034-7F9A11A7D91F}.Debug|Any CPU.ActiveCfg = Debug|Any CPU
		{37B52E09-410D-4B67-B034-7F9A11A7D91F}.Debug|Any CPU.Build.0 = Debug|Any CPU
		{37B52E09-410D-4B67-B034-7F9A11A7D91F}.Release|Any CPU.ActiveCfg = Release|Any CPU
		{37B52E09-410D-4B67-B034-7F9A11A7D91F}.Release|Any CPU.Build.0 = Release|Any CPU
	EndGlobalSection
	GlobalSection(SolutionProperties) = preSolution
		HideSolutionNode = FALSE
	EndGlobalSection
	GlobalSection(ExtensibilityGlobals) = postSolution
		SolutionGuid = {128A4EF1-E833-4C19-82AE-7585609E19B8}
	EndGlobalSection
EndGlobal
